
Microsoft Visual Studio Solution File, Format Version 12.00
# Visual Studio Version 16
VisualStudioVersion = 16.0.29411.108
MinimumVisualStudioVersion = 10.0.40219.1
Project("{9A19103F-16F7-4668-BE54-9A1E7A4F7556}") = "Reciclagem", "Reciclagem.csproj", "{D1C66903-064A-4A11-9CFB-300865D9565B}"
EndProject
Global
	GlobalSection(SolutionConfigurationPlatforms) = preSolution
		Debug|Any CPU = Debug|Any CPU
		Release|Any CPU = Release|Any CPU
	EndGlobalSection
	GlobalSection(ProjectConfigurationPlatforms) = postSolution
		{D1C66903-064A-4A11-9CFB-300865D9565B}.Debug|Any CPU.ActiveCfg = Debug|Any CPU
		{D1C66903-064A-4A11-9CFB-300865D9565B}.Debug|Any CPU.Build.0 = Debug|Any CPU
		{D1C66903-064A-4A11-9CFB-300865D9565B}.Release|Any CPU.ActiveCfg = Release|Any CPU
		{D1C66903-064A-4A11-9CFB-300865D9565B}.Release|Any CPU.Build.0 = Release|Any CPU
	EndGlobalSection
	GlobalSection(SolutionProperties) = preSolution
		HideSolutionNode = FALSE
	EndGlobalSection
	GlobalSection(ExtensibilityGlobals) = postSolution
		SolutionGuid = {B723FB5D-D551-44CD-9ADA-9BF906303728}
	EndGlobalSection
EndGlobal
